{
  "name": "example",
  "lockfileVersion": 2,
  "requires": true,
  "packages": {
    "": {
      "dependencies": {
        "tabris": "^3.9.0-dev.20220916"
      }
    },
    "node_modules/tabris": {
      "version": "3.9.0-dev.20220918",
      "resolved": "https://registry.npmjs.org/tabris/-/tabris-3.9.0-dev.20220918.tgz",
      "integrity": "sha512-QBW9iScJyQUhsX2u4HSmeFu7yupCQJY/ayajGdNhY5fYCtj/q2NT6T1TCwULfxLWAvXfwfnUUGWmfO7wWxYiBA=="
    }
  },
  "dependencies": {
    "tabris": {
      "version": "3.9.0-dev.20220918",
      "resolved": "https://registry.npmjs.org/tabris/-/tabris-3.9.0-dev.20220918.tgz",
      "integrity": "sha512-QBW9iScJyQUhsX2u4HSmeFu7yupCQJY/ayajGdNhY5fYCtj/q2NT6T1TCwULfxLWAvXfwfnUUGWmfO7wWxYiBA=="
    }
  }
}
