{
  "requires": true,
  "lockfileVersion": 1,
  "dependencies": {
    "tabris": {
      "version": "3.2.0-dev.20190809",
      "resolved": "https://registry.npmjs.org/tabris/-/tabris-3.2.0-dev.20190809.tgz",
      "integrity": "sha512-H3cUvHMpO9JB+LWb+ta3p/VUbPg6LTEtPhrAHoWRPcbzuoSMgv5CiV8+4DlFQztPDAl1R/D0DYYmL3b03X7PQQ=="
    }
  }
}
